{"1.1.0",
[{<<"epgsql">>,{pkg,<<"epgsql">>,<<"4.4.0">>},0},
 {<<"herd">>,
  {git,"https://github.com/wgnet/herd",
       {ref,"7ef6954e13e854f32b02a2b97362458ed5208f8d"}},
  0},
 {<<"pooler">>,
  {git,"https://github.com/seth/pooler.git",
       {ref,"a9fb9dbbac45000f10d8edf4464bf8425b39bd77"}},
  0}]}.
[
{pkg_hash,[
 {<<"epgsql">>, <<"8FE21C9C6651A4286CF57E33719DF0CF70685879E50EF6B4D0CCD95E5006206D">>}]}
].
