{"1.1.0",
[{<<"epgsql">>,{pkg,<<"epgsql">>,<<"3.3.0">>},0},
 {<<"herd">>,
  {git,"https://github.com/wgnet/herd",
       {ref,"7ef6954e13e854f32b02a2b97362458ed5208f8d"}},
  0},
 {<<"pooler">>,
  {git,"https://github.com/seth/pooler.git",
       {ref,"a9fb9dbbac45000f10d8edf4464bf8425b39bd77"}},
  0}]}.
[
{pkg_hash,[
 {<<"epgsql">>, <<"974A578340E52012CBAB820CE756E7ED1DF1BAF0110C59A6753D8337A2CF9454">>}]}
].
